
Microsoft Visual Studio Solution File, Format Version 12.00
# Visual Studio Version 17
VisualStudioVersion = 17.5.002.0
MinimumVisualStudioVersion = 10.0.40219.1
Project("{9A19103F-16F7-4668-BE54-9A1E7A4F7556}") = "file_reder", "file_reder.csproj", "{2D570B4D-9941-431F-8811-DB7C6D3CA905}"
EndProject
Global
	GlobalSection(SolutionConfigurationPlatforms) = preSolution
		Debug|Any CPU = Debug|Any CPU
		Release|Any CPU = Release|Any CPU
	EndGlobalSection
	GlobalSection(ProjectConfigurationPlatforms) = postSolution
		{2D570B4D-9941-431F-8811-DB7C6D3CA905}.Debug|Any CPU.ActiveCfg = Debug|Any CPU
		{2D570B4D-9941-431F-8811-DB7C6D3CA905}.Debug|Any CPU.Build.0 = Debug|Any CPU
		{2D570B4D-9941-431F-8811-DB7C6D3CA905}.Release|Any CPU.ActiveCfg = Release|Any CPU
		{2D570B4D-9941-431F-8811-DB7C6D3CA905}.Release|Any CPU.Build.0 = Release|Any CPU
	EndGlobalSection
	GlobalSection(SolutionProperties) = preSolution
		HideSolutionNode = FALSE
	EndGlobalSection
	GlobalSection(ExtensibilityGlobals) = postSolution
		SolutionGuid = {51874A75-331A-41B4-B1FB-281BC947D66D}
	EndGlobalSection
EndGlobal
